
Microsoft Visual Studio Solution File, Format Version 12.00
# Visual Studio Version 17
VisualStudioVersion = 17.7.34031.279
MinimumVisualStudioVersion = 10.0.40219.1
Project("{FAE04EC0-301F-11D3-BF4B-00C04F79EFBC}") = "SqlKullaniciAdSifre", "SqlKullaniciAdSifre.csproj", "{ADF7F851-5DE2-43A8-A3E3-C5C9A8004E69}"
EndProject
Global
	GlobalSection(SolutionConfigurationPlatforms) = preSolution
		Debug|Any CPU = Debug|Any CPU
		Release|Any CPU = Release|Any CPU
	EndGlobalSection
	GlobalSection(ProjectConfigurationPlatforms) = postSolution
		{ADF7F851-5DE2-43A8-A3E3-C5C9A8004E69}.Debug|Any CPU.ActiveCfg = Debug|Any CPU
		{ADF7F851-5DE2-43A8-A3E3-C5C9A8004E69}.Debug|Any CPU.Build.0 = Debug|Any CPU
		{ADF7F851-5DE2-43A8-A3E3-C5C9A8004E69}.Release|Any CPU.ActiveCfg = Release|Any CPU
		{ADF7F851-5DE2-43A8-A3E3-C5C9A8004E69}.Release|Any CPU.Build.0 = Release|Any CPU
	EndGlobalSection
	GlobalSection(SolutionProperties) = preSolution
		HideSolutionNode = FALSE
	EndGlobalSection
	GlobalSection(ExtensibilityGlobals) = postSolution
		SolutionGuid = {C19FB2FC-42E0-4230-BCED-18FE78EAFD7B}
	EndGlobalSection
EndGlobal
